
Microsoft Visual Studio Solution File, Format Version 12.00
# Visual Studio 2013
VisualStudioVersion = 12.0.30110.0
MinimumVisualStudioVersion = 10.0.40219.1
Project("{FAE04EC0-301F-11D3-BF4B-00C04F79EFBC}") = "02.MagicWords", "AjahnFlower02\02.MagicWords.csproj", "{9591BE26-946D-4F3F-9B5F-377E97110BD4}"
EndProject
Project("{FAE04EC0-301F-11D3-BF4B-00C04F79EFBC}") = "01.MultiverseCommunication", "AjahnFlower01\01.MultiverseCommunication.csproj", "{D8086B17-1332-4D90-97B6-B5C38AB73D64}"
EndProject
Project("{FAE04EC0-301F-11D3-BF4B-00C04F79EFBC}") = "03.Tron3D", "AjahnFlower03\03.Tron3D.csproj", "{16EED6DF-78D8-4035-84DB-F325B66675FC}"
EndProject
Global
	GlobalSection(SolutionConfigurationPlatforms) = preSolution
		Debug|Any CPU = Debug|Any CPU
		Release|Any CPU = Release|Any CPU
	EndGlobalSection
	GlobalSection(ProjectConfigurationPlatforms) = postSolution
		{9591BE26-946D-4F3F-9B5F-377E97110BD4}.Debug|Any CPU.ActiveCfg = Debug|Any CPU
		{9591BE26-946D-4F3F-9B5F-377E97110BD4}.Debug|Any CPU.Build.0 = Debug|Any CPU
		{9591BE26-946D-4F3F-9B5F-377E97110BD4}.Release|Any CPU.ActiveCfg = Release|Any CPU
		{9591BE26-946D-4F3F-9B5F-377E97110BD4}.Release|Any CPU.Build.0 = Release|Any CPU
		{D8086B17-1332-4D90-97B6-B5C38AB73D64}.Debug|Any CPU.ActiveCfg = Debug|Any CPU
		{D8086B17-1332-4D90-97B6-B5C38AB73D64}.Debug|Any CPU.Build.0 = Debug|Any CPU
		{D8086B17-1332-4D90-97B6-B5C38AB73D64}.Release|Any CPU.ActiveCfg = Release|Any CPU
		{D8086B17-1332-4D90-97B6-B5C38AB73D64}.Release|Any CPU.Build.0 = Release|Any CPU
		{16EED6DF-78D8-4035-84DB-F325B66675FC}.Debug|Any CPU.ActiveCfg = Debug|Any CPU
		{16EED6DF-78D8-4035-84DB-F325B66675FC}.Debug|Any CPU.Build.0 = Debug|Any CPU
		{16EED6DF-78D8-4035-84DB-F325B66675FC}.Release|Any CPU.ActiveCfg = Release|Any CPU
		{16EED6DF-78D8-4035-84DB-F325B66675FC}.Release|Any CPU.Build.0 = Release|Any CPU
	EndGlobalSection
	GlobalSection(SolutionProperties) = preSolution
		HideSolutionNode = FALSE
	EndGlobalSection
EndGlobal
