
Microsoft Visual Studio Solution File, Format Version 12.00
# Visual Studio 2012
Project("{FAE04EC0-301F-11D3-BF4B-00C04F79EFBC}") = "03.DocumentSystemAuthorSolution", "DocumentSystemAuthorSolution\03.DocumentSystemAuthorSolution.csproj", "{D38D946D-40C1-4B14-9C25-F073CBE04007}"
EndProject
Project("{FAE04EC0-301F-11D3-BF4B-00C04F79EFBC}") = "02.DocumentSystemBGCoder", "DocumentSystemBGCoder\02.DocumentSystemBGCoder.csproj", "{4ACBCA69-122D-4B1B-BBD1-4D33409CFC40}"
EndProject
Project("{FAE04EC0-301F-11D3-BF4B-00C04F79EFBC}") = "01.DocumentSystem", "DocumentSystem\01.DocumentSystem.csproj", "{9B655443-729A-42B5-99D9-FECE8C221DF5}"
EndProject
Global
	GlobalSection(SolutionConfigurationPlatforms) = preSolution
		Debug|Any CPU = Debug|Any CPU
		Release|Any CPU = Release|Any CPU
	EndGlobalSection
	GlobalSection(ProjectConfigurationPlatforms) = postSolution
		{D38D946D-40C1-4B14-9C25-F073CBE04007}.Debug|Any CPU.ActiveCfg = Debug|Any CPU
		{D38D946D-40C1-4B14-9C25-F073CBE04007}.Debug|Any CPU.Build.0 = Debug|Any CPU
		{D38D946D-40C1-4B14-9C25-F073CBE04007}.Release|Any CPU.ActiveCfg = Release|Any CPU
		{D38D946D-40C1-4B14-9C25-F073CBE04007}.Release|Any CPU.Build.0 = Release|Any CPU
		{4ACBCA69-122D-4B1B-BBD1-4D33409CFC40}.Debug|Any CPU.ActiveCfg = Debug|Any CPU
		{4ACBCA69-122D-4B1B-BBD1-4D33409CFC40}.Debug|Any CPU.Build.0 = Debug|Any CPU
		{4ACBCA69-122D-4B1B-BBD1-4D33409CFC40}.Release|Any CPU.ActiveCfg = Release|Any CPU
		{4ACBCA69-122D-4B1B-BBD1-4D33409CFC40}.Release|Any CPU.Build.0 = Release|Any CPU
		{9B655443-729A-42B5-99D9-FECE8C221DF5}.Debug|Any CPU.ActiveCfg = Debug|Any CPU
		{9B655443-729A-42B5-99D9-FECE8C221DF5}.Debug|Any CPU.Build.0 = Debug|Any CPU
		{9B655443-729A-42B5-99D9-FECE8C221DF5}.Release|Any CPU.ActiveCfg = Release|Any CPU
		{9B655443-729A-42B5-99D9-FECE8C221DF5}.Release|Any CPU.Build.0 = Release|Any CPU
	EndGlobalSection
	GlobalSection(SolutionProperties) = preSolution
		HideSolutionNode = FALSE
	EndGlobalSection
EndGlobal
