
Microsoft Visual Studio Solution File, Format Version 12.00
# Visual Studio 2012
Project("{E24C65DC-7377-472B-9ABA-BC803B73C61A}") = "SampleLogo(2)", "http://localhost:58740", "{87D23CED-3899-46C6-9C6B-1F50900EADB5}"
	ProjectSection(WebsiteProperties) = preProject
		UseIISExpress = "true"
		TargetFrameworkMoniker = ".NETFramework,Version%3Dv4.5"
		Debug.AspNetCompiler.VirtualPath = "/localhost_58740"
		Debug.AspNetCompiler.PhysicalPath = "SampleLogo\"
		Debug.AspNetCompiler.TargetPath = "PrecompiledWeb\localhost_58740\"
		Debug.AspNetCompiler.Updateable = "true"
		Debug.AspNetCompiler.ForceOverwrite = "true"
		Debug.AspNetCompiler.FixedNames = "false"
		Debug.AspNetCompiler.Debug = "True"
		Release.AspNetCompiler.VirtualPath = "/localhost_58740"
		Release.AspNetCompiler.PhysicalPath = "SampleLogo\"
		Release.AspNetCompiler.TargetPath = "PrecompiledWeb\localhost_58740\"
		Release.AspNetCompiler.Updateable = "true"
		Release.AspNetCompiler.ForceOverwrite = "true"
		Release.AspNetCompiler.FixedNames = "false"
		Release.AspNetCompiler.Debug = "False"
		SlnRelativePath = "SampleLogo\"
		DefaultWebSiteLanguage = "Visual C#"
	EndProjectSection
EndProject
Project("{E24C65DC-7377-472B-9ABA-BC803B73C61A}") = "Gallery", "http://localhost:60963", "{8AD35571-1514-484C-824D-25B122770BE7}"
	ProjectSection(WebsiteProperties) = preProject
		UseIISExpress = "true"
		TargetFrameworkMoniker = ".NETFramework,Version%3Dv4.5"
		Debug.AspNetCompiler.VirtualPath = "/localhost_60963"
		Debug.AspNetCompiler.PhysicalPath = "Gallery\"
		Debug.AspNetCompiler.TargetPath = "PrecompiledWeb\localhost_60963\"
		Debug.AspNetCompiler.Updateable = "true"
		Debug.AspNetCompiler.ForceOverwrite = "true"
		Debug.AspNetCompiler.FixedNames = "false"
		Debug.AspNetCompiler.Debug = "True"
		Release.AspNetCompiler.VirtualPath = "/localhost_60963"
		Release.AspNetCompiler.PhysicalPath = "Gallery\"
		Release.AspNetCompiler.TargetPath = "PrecompiledWeb\localhost_60963\"
		Release.AspNetCompiler.Updateable = "true"
		Release.AspNetCompiler.ForceOverwrite = "true"
		Release.AspNetCompiler.FixedNames = "false"
		Release.AspNetCompiler.Debug = "False"
		SlnRelativePath = "Gallery\"
		DefaultWebSiteLanguage = "Visual C#"
	EndProjectSection
EndProject
Global
	GlobalSection(SolutionConfigurationPlatforms) = preSolution
		Debug|Any CPU = Debug|Any CPU
	EndGlobalSection
	GlobalSection(ProjectConfigurationPlatforms) = postSolution
		{87D23CED-3899-46C6-9C6B-1F50900EADB5}.Debug|Any CPU.ActiveCfg = Debug|Any CPU
		{87D23CED-3899-46C6-9C6B-1F50900EADB5}.Debug|Any CPU.Build.0 = Debug|Any CPU
		{8AD35571-1514-484C-824D-25B122770BE7}.Debug|Any CPU.ActiveCfg = Debug|Any CPU
		{8AD35571-1514-484C-824D-25B122770BE7}.Debug|Any CPU.Build.0 = Debug|Any CPU
	EndGlobalSection
	GlobalSection(SolutionProperties) = preSolution
		HideSolutionNode = FALSE
	EndGlobalSection
EndGlobal
