
Microsoft Visual Studio Solution File, Format Version 12.00
# Visual Studio 2012
Project("{FAE04EC0-301F-11D3-BF4B-00C04F79EFBC}") = "GenomeDecoder", "GenomeDecoder\GenomeDecoder.csproj", "{D8405F9B-94FE-47A2-AA2A-13565DC6AFE8}"
EndProject
Project("{FAE04EC0-301F-11D3-BF4B-00C04F79EFBC}") = "DurankulakNumbers", "DurankulakNumbers\DurankulakNumbers.csproj", "{ED0A2CA9-B99D-4A4D-9229-171410C283A7}"
EndProject
Global
	GlobalSection(SolutionConfigurationPlatforms) = preSolution
		Debug|Any CPU = Debug|Any CPU
		Release|Any CPU = Release|Any CPU
	EndGlobalSection
	GlobalSection(ProjectConfigurationPlatforms) = postSolution
		{D8405F9B-94FE-47A2-AA2A-13565DC6AFE8}.Debug|Any CPU.ActiveCfg = Debug|Any CPU
		{D8405F9B-94FE-47A2-AA2A-13565DC6AFE8}.Debug|Any CPU.Build.0 = Debug|Any CPU
		{D8405F9B-94FE-47A2-AA2A-13565DC6AFE8}.Release|Any CPU.ActiveCfg = Release|Any CPU
		{D8405F9B-94FE-47A2-AA2A-13565DC6AFE8}.Release|Any CPU.Build.0 = Release|Any CPU
		{ED0A2CA9-B99D-4A4D-9229-171410C283A7}.Debug|Any CPU.ActiveCfg = Debug|Any CPU
		{ED0A2CA9-B99D-4A4D-9229-171410C283A7}.Debug|Any CPU.Build.0 = Debug|Any CPU
		{ED0A2CA9-B99D-4A4D-9229-171410C283A7}.Release|Any CPU.ActiveCfg = Release|Any CPU
		{ED0A2CA9-B99D-4A4D-9229-171410C283A7}.Release|Any CPU.Build.0 = Release|Any CPU
	EndGlobalSection
	GlobalSection(SolutionProperties) = preSolution
		HideSolutionNode = FALSE
	EndGlobalSection
EndGlobal
