
Microsoft Visual Studio Solution File, Format Version 12.00
# Visual Studio 2013
VisualStudioVersion = 12.0.21005.1
MinimumVisualStudioVersion = 10.0.40219.1
Project("{FAE04EC0-301F-11D3-BF4B-00C04F79EFBC}") = "Animations", "Animations\Animations.csproj", "{40C61085-E2F0-427A-A850-FA0F0C85329B}"
EndProject
Project("{FAE04EC0-301F-11D3-BF4B-00C04F79EFBC}") = "TODOsList", "TODOsList\TODOsList.csproj", "{65B53640-525E-4B5A-8FA5-4D75E571C7AD}"
EndProject
Global
	GlobalSection(SolutionConfigurationPlatforms) = preSolution
		Debug|Any CPU = Debug|Any CPU
		Release|Any CPU = Release|Any CPU
	EndGlobalSection
	GlobalSection(ProjectConfigurationPlatforms) = postSolution
		{40C61085-E2F0-427A-A850-FA0F0C85329B}.Debug|Any CPU.ActiveCfg = Debug|Any CPU
		{40C61085-E2F0-427A-A850-FA0F0C85329B}.Debug|Any CPU.Build.0 = Debug|Any CPU
		{40C61085-E2F0-427A-A850-FA0F0C85329B}.Release|Any CPU.ActiveCfg = Release|Any CPU
		{40C61085-E2F0-427A-A850-FA0F0C85329B}.Release|Any CPU.Build.0 = Release|Any CPU
		{65B53640-525E-4B5A-8FA5-4D75E571C7AD}.Debug|Any CPU.ActiveCfg = Debug|Any CPU
		{65B53640-525E-4B5A-8FA5-4D75E571C7AD}.Debug|Any CPU.Build.0 = Debug|Any CPU
		{65B53640-525E-4B5A-8FA5-4D75E571C7AD}.Release|Any CPU.ActiveCfg = Release|Any CPU
		{65B53640-525E-4B5A-8FA5-4D75E571C7AD}.Release|Any CPU.Build.0 = Release|Any CPU
	EndGlobalSection
	GlobalSection(SolutionProperties) = preSolution
		HideSolutionNode = FALSE
	EndGlobalSection
EndGlobal
